<?xml version="1.0" encoding="utf-8"?>
<Project ToolsVersion="4.0" xmlns="http://schemas.microsoft.com/developer/msbuild/2003">
  <ItemGroup>
    <Filter Include="Source Files">
      <UniqueIdentifier>{4FC737F1-C7A5-4376-A066-2A32D752A2FF}</UniqueIdentifier>
      <Extensions>cpp;c;cc;cxx;c++;cppm;ixx;def;odl;idl;hpj;bat;asm;asmx</Extensions>
    </Filter>
    <Filter Include="Header Files">
      <UniqueIdentifier>{93995380-89BD-4b04-88EB-625FBE52EBFB}</UniqueIdentifier>
      <Extensions>h;hh;hpp;hxx;h++;hm;inl;inc;ipp;xsd</Extensions>
    </Filter>
    <Filter Include="Resource Files">
      <UniqueIdentifier>{67DA6AB6-F800-4c08-8B7A-83BB121AAD01}</UniqueIdentifier>
      <Extensions>rc;ico;cur;bmp;dlg;rc2;rct;bin;rgs;gif;jpg;jpeg;jpe;resx;tiff;tif;png;wav;mfcribbon-ms</Extensions>
    </Filter>
    <Filter Include="imGui">
      <UniqueIdentifier>{bc1cda4f-5d1a-43d7-bb04-9552e63d2937}</UniqueIdentifier>
    </Filter>
    <Filter Include="imGui\Backends">
      <UniqueIdentifier>{8d6a3354-6a31-4480-a472-e2942a45cd17}</UniqueIdentifier>
    </Filter>
  </ItemGroup>
  <ItemGroup>
    <ClCompile Include="Main.cpp">
      <Filter>Source Files</Filter>
    </ClCompile>
    <ClCompile Include="Bitmap.cpp">
      <Filter>Source Files</Filter>
    </ClCompile>
    <ClCompile Include="Pawn.cpp">
      <Filter>Source Files</Filter>
    </ClCompile>
    <ClCompile Include="Monster.cpp">
      <Filter>Source Files</Filter>
    </ClCompile>
    <ClCompile Include="Player.cpp">
      <Filter>Source Files</Filter>
    </ClCompile>
    <ClCompile Include="Input.cpp">
      <Filter>Source Files</Filter>
    </ClCompile>
    <ClCompile Include="ResourceManager.cpp">
      <Filter>Source Files</Filter>
    </ClCompile>
    <ClCompile Include="Debug.cpp">
      <Filter>Source Files</Filter>
    </ClCompile>
    <ClCompile Include="Logger.cpp">
      <Filter>Source Files</Filter>
    </ClCompile>
    <ClCompile Include="GameObject.cpp">
      <Filter>Source Files</Filter>
    </ClCompile>
    <ClCompile Include="I_ComponentBase.cpp">
      <Filter>Source Files</Filter>
    </ClCompile>
    <ClCompile Include="BitmapComponent.cpp">
      <Filter>Source Files</Filter>
    </ClCompile>
    <ClCompile Include="ECS.cpp">
      <Filter>Source Files</Filter>
    </ClCompile>
    <ClCompile Include="RendererSystem.cpp">
      <Filter>Source Files</Filter>
    </ClCompile>
    <ClCompile Include="MovementSystem.cpp">
      <Filter>Source Files</Filter>
    </ClCompile>
    <ClCompile Include="Broker.cpp">
      <Filter>Source Files</Filter>
    </ClCompile>
    <ClCompile Include="Publisher.cpp">
      <Filter>Source Files</Filter>
    </ClCompile>
    <ClCompile Include="IEventData.cpp">
      <Filter>Source Files</Filter>
    </ClCompile>
    <ClCompile Include="Subscriber.cpp">
      <Filter>Source Files</Filter>
    </ClCompile>
    <ClCompile Include="StackArenaAllocator.cpp">
      <Filter>Source Files</Filter>
    </ClCompile>
    <ClCompile Include="ScriptComponent.cpp">
      <Filter>Source Files</Filter>
    </ClCompile>
    <ClCompile Include="imGui\imgui.cpp">
      <Filter>imGui</Filter>
    </ClCompile>
    <ClCompile Include="imGui\imgui_demo.cpp">
      <Filter>imGui</Filter>
    </ClCompile>
    <ClCompile Include="imGui\imgui_draw.cpp">
      <Filter>imGui</Filter>
    </ClCompile>
    <ClCompile Include="imGui\imgui_tables.cpp">
      <Filter>imGui</Filter>
    </ClCompile>
    <ClCompile Include="imGui\imgui_widgets.cpp">
      <Filter>imGui</Filter>
    </ClCompile>
    <ClCompile Include="imGui\backends\imgui_impl_sdlrenderer3.cpp">
      <Filter>imGui\Backends</Filter>
    </ClCompile>
    <ClCompile Include="imGui\backends\imgui_impl_sdl3.cpp">
      <Filter>imGui\Backends</Filter>
    </ClCompile>
    <ClCompile Include="Message.cpp">
      <Filter>Source Files</Filter>
    </ClCompile>
    <ClCompile Include="MouseEventData.cpp">
      <Filter>Source Files</Filter>
    </ClCompile>
    <ClCompile Include="IGuiWindow.cpp">
      <Filter>Source Files</Filter>
    </ClCompile>
    <ClCompile Include="EditorGui.cpp">
      <Filter>Source Files</Filter>
    </ClCompile>
    <ClCompile Include="AssetWindow.cpp">
      <Filter>Source Files</Filter>
    </ClCompile>
    <ClCompile Include="IDerectoryItem.cpp">
      <Filter>Source Files</Filter>
    </ClCompile>
    <ClCompile Include="Hierarchy.cpp">
      <Filter>Source Files</Filter>
    </ClCompile>
    <ClCompile Include="SaveLoadSystem.cpp">
      <Filter>Source Files</Filter>
    </ClCompile>
    <ClCompile Include="ISaveLoadable.cpp">
      <Filter>Source Files</Filter>
    </ClCompile>
    <ClCompile Include="ProfilerSystem.cpp">
      <Filter>Source Files</Filter>
    </ClCompile>
  </ItemGroup>
  <ItemGroup>
    <ClInclude Include="Bitmap.h">
      <Filter>Header Files</Filter>
    </ClInclude>
    <ClInclude Include="Pawn.h">
      <Filter>Header Files</Filter>
    </ClInclude>
    <ClInclude Include="Monster.h">
      <Filter>Header Files</Filter>
    </ClInclude>
    <ClInclude Include="Player.h">
      <Filter>Header Files</Filter>
    </ClInclude>
    <ClInclude Include="Deleter.h">
      <Filter>Header Files</Filter>
    </ClInclude>
    <ClInclude Include="Input.h">
      <Filter>Header Files</Filter>
    </ClInclude>
    <ClInclude Include="ResourceManager.h">
      <Filter>Header Files</Filter>
    </ClInclude>
    <ClInclude Include="Debug.h">
      <Filter>Header Files</Filter>
    </ClInclude>
    <ClInclude Include="Logger.h">
      <Filter>Header Files</Filter>
    </ClInclude>
    <ClInclude Include="GameObject.h">
      <Filter>Header Files</Filter>
    </ClInclude>
    <ClInclude Include="Transform.hpp">
      <Filter>Header Files</Filter>
    </ClInclude>
    <ClInclude Include="I_ComponentBase.h">
      <Filter>Header Files</Filter>
    </ClInclude>
    <ClInclude Include="BitmapComponent.h">
      <Filter>Header Files</Filter>
    </ClInclude>
    <ClInclude Include="Components.hpp">
      <Filter>Header Files</Filter>
    </ClInclude>
    <ClInclude Include="ECS.h">
      <Filter>Header Files</Filter>
    </ClInclude>
    <ClInclude Include="RendererSystem.h">
      <Filter>Header Files</Filter>
    </ClInclude>
    <ClInclude Include="MovementSystem.h">
      <Filter>Header Files</Filter>
    </ClInclude>
    <ClInclude Include="Broker.h">
      <Filter>Header Files</Filter>
    </ClInclude>
    <ClInclude Include="Publisher.h">
      <Filter>Header Files</Filter>
    </ClInclude>
    <ClInclude Include="IEventData.h">
      <Filter>Header Files</Filter>
    </ClInclude>
    <ClInclude Include="Subscriber.h">
      <Filter>Header Files</Filter>
    </ClInclude>
    <ClInclude Include="StackArenaAllocator.h">
      <Filter>Header Files</Filter>
    </ClInclude>
    <ClInclude Include="ScriptComponent.h">
      <Filter>Header Files</Filter>
    </ClInclude>
    <ClInclude Include="imGui\imconfig.h">
      <Filter>imGui</Filter>
    </ClInclude>
    <ClInclude Include="imGui\imgui.h">
      <Filter>imGui</Filter>
    </ClInclude>
    <ClInclude Include="imGui\imgui_internal.h">
      <Filter>imGui</Filter>
    </ClInclude>
    <ClInclude Include="imGui\imstb_rectpack.h">
      <Filter>imGui</Filter>
    </ClInclude>
    <ClInclude Include="imGui\imstb_textedit.h">
      <Filter>imGui</Filter>
    </ClInclude>
    <ClInclude Include="imGui\imstb_truetype.h">
      <Filter>imGui</Filter>
    </ClInclude>
    <ClInclude Include="imGui\backends\imgui_impl_sdlrenderer3.h">
      <Filter>imGui\Backends</Filter>
    </ClInclude>
    <ClInclude Include="imGui\backends\imgui_impl_sdl3.h">
      <Filter>imGui\Backends</Filter>
    </ClInclude>
    <ClInclude Include="Message.h">
      <Filter>Header Files</Filter>
    </ClInclude>
    <ClInclude Include="MouseEventData.h">
      <Filter>Header Files</Filter>
    </ClInclude>
    <ClInclude Include="IGuiWindow.h">
      <Filter>Header Files</Filter>
    </ClInclude>
    <ClInclude Include="EditorGui.h">
      <Filter>Header Files</Filter>
    </ClInclude>
    <ClInclude Include="AssetWindow.h">
      <Filter>Header Files</Filter>
    </ClInclude>
    <ClInclude Include="IDerectoryItem.h">
      <Filter>Header Files</Filter>
    </ClInclude>
    <ClInclude Include="Hierarchy.h">
      <Filter>Header Files</Filter>
    </ClInclude>
    <ClInclude Include="SaveLoadSystem.h">
      <Filter>Header Files</Filter>
    </ClInclude>
    <ClInclude Include="ISaveLoadable.h">
      <Filter>Header Files</Filter>
    </ClInclude>
    <ClInclude Include="ProfilerSystem.h">
      <Filter>Header Files</Filter>
    </ClInclude>
  </ItemGroup>
</Project>